lockfileVersion: '9.0'

settings:
  autoInstallPeers: false
  excludeLinksFromLockfile: false

overrides:
  '@deepseek-harness/dsh-mathmodel': link:../../../plugins/dsh-mathmodel

importers:

  .:
    dependencies:
      '@deepseek-harness/dsh-mathmodel':
        specifier: link:../../../plugins/dsh-mathmodel
        version: link:../../../plugins/dsh-mathmodel
      dsh-client-ui-skins:
        specifier: file:../../../plugins/dsh-client-ui-skins
        version: file:../../../plugins/dsh-client-ui-skins
      dsh-plugin-subscriptions:
        specifier: ^0.3.0
        version: 0.3.0

packages:

  dsh-client-ui-skins@file:../../../plugins/dsh-client-ui-skins:
    resolution: {directory: ../../../plugins/dsh-client-ui-skins, type: directory}
    peerDependencies:
      '@deepseek-ai/cordis': ^4.0.1
      '@deepseek-ai/dsh-client-runtime': ^0.1.0-rc.6
      '@deepseek-ai/dsh-client-ui-slots': ^0.1.0-rc.6
      '@deepseek-ai/dsh-settings': ^0.1.0-rc.6
      '@deepseek-ai/schemastery': ^3.18.1
      react: ^18.2.0

  dsh-plugin-subscriptions@0.3.0:
    resolution: {integrity: sha512-HAvO0geq/M90lmeyGCXuh3ViNz55wB7QlXzSXK4W0Vf98oI+4/Qk85VSopSEl6BZCrdzB4ERgknQPz9rauc3SA==}
    peerDependencies:
      '@deepseek-ai/cordis': ^4.0.1
      '@deepseek-ai/dsh-attachment': ^0.1.0-rc.5
      '@deepseek-ai/dsh-home-paths': ^0.1.0-rc.5
      '@deepseek-ai/dsh-llm': ^0.1.0-rc.5
      '@deepseek-ai/dsh-tools': ^0.1.0-rc.5
      '@deepseek-ai/schemastery': ^3.18.1

snapshots:

  dsh-client-ui-skins@file:../../../plugins/dsh-client-ui-skins: {}

  dsh-plugin-subscriptions@0.3.0: {}
